
Microsoft Visual Studio Solution File, Format Version 12.00
# Visual Studio Version 17
VisualStudioVersion = 17.5.33414.496
MinimumVisualStudioVersion = 10.0.40219.1
Project("{FAE04EC0-301F-11D3-BF4B-00C04F79EFBC}") = "University Student Management System", "University Student Management System\University Student Management System.csproj", "{B48893F3-035F-43E1-AFFE-88CBD92B9D39}"
EndProject
Project("{00D1A9C2-B5F0-4AF3-8072-F6C62B433612}") = "UniversityDB", "UniversityDB\UniversityDB.sqlproj", "{ADADE903-6A2A-4F73-A7AB-04AB1887B605}"
EndProject
Project("{FAE04EC0-301F-11D3-BF4B-00C04F79EFBC}") = "DataLibrary", "DataLibrary\DataLibrary.csproj", "{CEB026C5-9122-4E0D-B450-E7154E6D2F2B}"
EndProject
Global
	GlobalSection(SolutionConfigurationPlatforms) = preSolution
		Debug|Any CPU = Debug|Any CPU
		Release|Any CPU = Release|Any CPU
	EndGlobalSection
	GlobalSection(ProjectConfigurationPlatforms) = postSolution
		{B48893F3-035F-43E1-AFFE-88CBD92B9D39}.Debug|Any CPU.ActiveCfg = Debug|Any CPU
		{B48893F3-035F-43E1-AFFE-88CBD92B9D39}.Debug|Any CPU.Build.0 = Debug|Any CPU
		{B48893F3-035F-43E1-AFFE-88CBD92B9D39}.Release|Any CPU.ActiveCfg = Release|Any CPU
		{B48893F3-035F-43E1-AFFE-88CBD92B9D39}.Release|Any CPU.Build.0 = Release|Any CPU
		{ADADE903-6A2A-4F73-A7AB-04AB1887B605}.Debug|Any CPU.ActiveCfg = Debug|Any CPU
		{ADADE903-6A2A-4F73-A7AB-04AB1887B605}.Debug|Any CPU.Build.0 = Debug|Any CPU
		{ADADE903-6A2A-4F73-A7AB-04AB1887B605}.Debug|Any CPU.Deploy.0 = Debug|Any CPU
		{ADADE903-6A2A-4F73-A7AB-04AB1887B605}.Release|Any CPU.ActiveCfg = Release|Any CPU
		{ADADE903-6A2A-4F73-A7AB-04AB1887B605}.Release|Any CPU.Build.0 = Release|Any CPU
		{ADADE903-6A2A-4F73-A7AB-04AB1887B605}.Release|Any CPU.Deploy.0 = Release|Any CPU
		{CEB026C5-9122-4E0D-B450-E7154E6D2F2B}.Debug|Any CPU.ActiveCfg = Debug|Any CPU
		{CEB026C5-9122-4E0D-B450-E7154E6D2F2B}.Debug|Any CPU.Build.0 = Debug|Any CPU
		{CEB026C5-9122-4E0D-B450-E7154E6D2F2B}.Release|Any CPU.ActiveCfg = Release|Any CPU
		{CEB026C5-9122-4E0D-B450-E7154E6D2F2B}.Release|Any CPU.Build.0 = Release|Any CPU
	EndGlobalSection
	GlobalSection(SolutionProperties) = preSolution
		HideSolutionNode = FALSE
	EndGlobalSection
	GlobalSection(ExtensibilityGlobals) = postSolution
		SolutionGuid = {096ECD70-6400-40F8-9254-3A590793E51F}
	EndGlobalSection
EndGlobal
